
Microsoft Visual Studio Solution File, Format Version 12.00
# Visual Studio Version 16
VisualStudioVersion = 16.0.31702.278
MinimumVisualStudioVersion = 10.0.40219.1
Project("{FAE04EC0-301F-11D3-BF4B-00C04F79EFBC}") = "ServerReservasi_20160140049", "ServerReservasi_20160140049\ServerReservasi_20160140049.csproj", "{3A40178B-20AB-4C1A-A6DD-6A743D4765A1}"
EndProject
Global
	GlobalSection(SolutionConfigurationPlatforms) = preSolution
		Debug|Any CPU = Debug|Any CPU
		Release|Any CPU = Release|Any CPU
	EndGlobalSection
	GlobalSection(ProjectConfigurationPlatforms) = postSolution
		{3A40178B-20AB-4C1A-A6DD-6A743D4765A1}.Debug|Any CPU.ActiveCfg = Debug|Any CPU
		{3A40178B-20AB-4C1A-A6DD-6A743D4765A1}.Debug|Any CPU.Build.0 = Debug|Any CPU
		{3A40178B-20AB-4C1A-A6DD-6A743D4765A1}.Release|Any CPU.ActiveCfg = Release|Any CPU
		{3A40178B-20AB-4C1A-A6DD-6A743D4765A1}.Release|Any CPU.Build.0 = Release|Any CPU
	EndGlobalSection
	GlobalSection(SolutionProperties) = preSolution
		HideSolutionNode = FALSE
	EndGlobalSection
	GlobalSection(ExtensibilityGlobals) = postSolution
		SolutionGuid = {28B0D428-6B39-40F7-8A09-20FF12E40C8E}
	EndGlobalSection
EndGlobal
